
Microsoft Visual Studio Solution File, Format Version 12.00
# Visual Studio Version 17
VisualStudioVersion = 17.14.36414.22
MinimumVisualStudioVersion = 10.0.40219.1
Project("{FAE04EC0-301F-11D3-BF4B-00C04F79EFBC}") = "lab2-projetosoftware", "lab2-projetosoftware\lab2-projetosoftware.csproj", "{EA1C5048-D3EC-41E2-AB00-EF99E123C09B}"
EndProject
Global
	GlobalSection(SolutionConfigurationPlatforms) = preSolution
		Debug|Any CPU = Debug|Any CPU
		Release|Any CPU = Release|Any CPU
	EndGlobalSection
	GlobalSection(ProjectConfigurationPlatforms) = postSolution
		{EA1C5048-D3EC-41E2-AB00-EF99E123C09B}.Debug|Any CPU.ActiveCfg = Debug|Any CPU
		{EA1C5048-D3EC-41E2-AB00-EF99E123C09B}.Debug|Any CPU.Build.0 = Debug|Any CPU
		{EA1C5048-D3EC-41E2-AB00-EF99E123C09B}.Release|Any CPU.ActiveCfg = Release|Any CPU
		{EA1C5048-D3EC-41E2-AB00-EF99E123C09B}.Release|Any CPU.Build.0 = Release|Any CPU
	EndGlobalSection
	GlobalSection(SolutionProperties) = preSolution
		HideSolutionNode = FALSE
	EndGlobalSection
	GlobalSection(ExtensibilityGlobals) = postSolution
		SolutionGuid = {16764781-37F2-4AEB-B26D-97586FA953FE}
	EndGlobalSection
EndGlobal
